
Microsoft Visual Studio Solution File, Format Version 12.00
# Visual Studio Version 16
VisualStudioVersion = 16.0.32413.511
MinimumVisualStudioVersion = 10.0.40219.1
Project("{FAE04EC0-301F-11D3-BF4B-00C04F79EFBC}") = "StructAssignment", "StructAssignment\StructAssignment.csproj", "{26CE2B54-2577-4064-B64C-9817107A8D60}"
EndProject
Global
	GlobalSection(SolutionConfigurationPlatforms) = preSolution
		Debug|Any CPU = Debug|Any CPU
		Release|Any CPU = Release|Any CPU
	EndGlobalSection
	GlobalSection(ProjectConfigurationPlatforms) = postSolution
		{26CE2B54-2577-4064-B64C-9817107A8D60}.Debug|Any CPU.ActiveCfg = Debug|Any CPU
		{26CE2B54-2577-4064-B64C-9817107A8D60}.Debug|Any CPU.Build.0 = Debug|Any CPU
		{26CE2B54-2577-4064-B64C-9817107A8D60}.Release|Any CPU.ActiveCfg = Release|Any CPU
		{26CE2B54-2577-4064-B64C-9817107A8D60}.Release|Any CPU.Build.0 = Release|Any CPU
	EndGlobalSection
	GlobalSection(SolutionProperties) = preSolution
		HideSolutionNode = FALSE
	EndGlobalSection
	GlobalSection(ExtensibilityGlobals) = postSolution
		SolutionGuid = {BC38E699-E525-49E0-BBDE-154AEEC13FB2}
	EndGlobalSection
EndGlobal
