
Microsoft Visual Studio Solution File, Format Version 12.00
# Visual Studio Version 16
VisualStudioVersion = 16.0.32413.511
MinimumVisualStudioVersion = 10.0.40219.1
Project("{FAE04EC0-301F-11D3-BF4B-00C04F79EFBC}") = "Basic cs assignment", "Basic cs assignment\Basic cs assignment.csproj", "{C692A5DD-3BB5-47C4-8757-CED4A5F2B0AD}"
EndProject
Global
	GlobalSection(SolutionConfigurationPlatforms) = preSolution
		Debug|Any CPU = Debug|Any CPU
		Release|Any CPU = Release|Any CPU
	EndGlobalSection
	GlobalSection(ProjectConfigurationPlatforms) = postSolution
		{C692A5DD-3BB5-47C4-8757-CED4A5F2B0AD}.Debug|Any CPU.ActiveCfg = Debug|Any CPU
		{C692A5DD-3BB5-47C4-8757-CED4A5F2B0AD}.Debug|Any CPU.Build.0 = Debug|Any CPU
		{C692A5DD-3BB5-47C4-8757-CED4A5F2B0AD}.Release|Any CPU.ActiveCfg = Release|Any CPU
		{C692A5DD-3BB5-47C4-8757-CED4A5F2B0AD}.Release|Any CPU.Build.0 = Release|Any CPU
	EndGlobalSection
	GlobalSection(SolutionProperties) = preSolution
		HideSolutionNode = FALSE
	EndGlobalSection
	GlobalSection(ExtensibilityGlobals) = postSolution
		SolutionGuid = {0455255E-E320-4B04-88D7-713D1BEE62CC}
	EndGlobalSection
EndGlobal
