
Microsoft Visual Studio Solution File, Format Version 12.00
# Visual Studio Version 16
VisualStudioVersion = 16.0.32413.511
MinimumVisualStudioVersion = 10.0.40219.1
Project("{FAE04EC0-301F-11D3-BF4B-00C04F79EFBC}") = "InterfacesAssignment", "InterfacesAssignment\InterfacesAssignment.csproj", "{59C67088-3292-4E36-9EA7-43DA8D286FA2}"
EndProject
Global
	GlobalSection(SolutionConfigurationPlatforms) = preSolution
		Debug|Any CPU = Debug|Any CPU
		Release|Any CPU = Release|Any CPU
	EndGlobalSection
	GlobalSection(ProjectConfigurationPlatforms) = postSolution
		{59C67088-3292-4E36-9EA7-43DA8D286FA2}.Debug|Any CPU.ActiveCfg = Debug|Any CPU
		{59C67088-3292-4E36-9EA7-43DA8D286FA2}.Debug|Any CPU.Build.0 = Debug|Any CPU
		{59C67088-3292-4E36-9EA7-43DA8D286FA2}.Release|Any CPU.ActiveCfg = Release|Any CPU
		{59C67088-3292-4E36-9EA7-43DA8D286FA2}.Release|Any CPU.Build.0 = Release|Any CPU
	EndGlobalSection
	GlobalSection(SolutionProperties) = preSolution
		HideSolutionNode = FALSE
	EndGlobalSection
	GlobalSection(ExtensibilityGlobals) = postSolution
		SolutionGuid = {3BCD766D-6739-4062-A2C2-1E7742EB3C03}
	EndGlobalSection
EndGlobal
