
Microsoft Visual Studio Solution File, Format Version 12.00
# Visual Studio Version 16
VisualStudioVersion = 16.0.32413.511
MinimumVisualStudioVersion = 10.0.40219.1
Project("{FAE04EC0-301F-11D3-BF4B-00C04F79EFBC}") = "FinalAssignment", "FinalAssignment\FinalAssignment.csproj", "{A9EA502B-C9B8-41D5-BB80-AB9A62E8B17C}"
EndProject
Global
	GlobalSection(SolutionConfigurationPlatforms) = preSolution
		Debug|Any CPU = Debug|Any CPU
		Release|Any CPU = Release|Any CPU
	EndGlobalSection
	GlobalSection(ProjectConfigurationPlatforms) = postSolution
		{A9EA502B-C9B8-41D5-BB80-AB9A62E8B17C}.Debug|Any CPU.ActiveCfg = Debug|Any CPU
		{A9EA502B-C9B8-41D5-BB80-AB9A62E8B17C}.Debug|Any CPU.Build.0 = Debug|Any CPU
		{A9EA502B-C9B8-41D5-BB80-AB9A62E8B17C}.Release|Any CPU.ActiveCfg = Release|Any CPU
		{A9EA502B-C9B8-41D5-BB80-AB9A62E8B17C}.Release|Any CPU.Build.0 = Release|Any CPU
	EndGlobalSection
	GlobalSection(SolutionProperties) = preSolution
		HideSolutionNode = FALSE
	EndGlobalSection
	GlobalSection(ExtensibilityGlobals) = postSolution
		SolutionGuid = {B2AD6BA2-6910-4F82-900E-86E38030A866}
	EndGlobalSection
EndGlobal
