
Microsoft Visual Studio Solution File, Format Version 12.00
# Visual Studio Version 16
VisualStudioVersion = 16.0.32413.511
MinimumVisualStudioVersion = 10.0.40219.1
Project("{FAE04EC0-301F-11D3-BF4B-00C04F79EFBC}") = "CodeFirstAssignment", "CodeFirstAssignment\CodeFirstAssignment.csproj", "{513B7583-5254-4D4F-8960-7C47F1EE3C9C}"
EndProject
Global
	GlobalSection(SolutionConfigurationPlatforms) = preSolution
		Debug|Any CPU = Debug|Any CPU
		Release|Any CPU = Release|Any CPU
	EndGlobalSection
	GlobalSection(ProjectConfigurationPlatforms) = postSolution
		{513B7583-5254-4D4F-8960-7C47F1EE3C9C}.Debug|Any CPU.ActiveCfg = Debug|Any CPU
		{513B7583-5254-4D4F-8960-7C47F1EE3C9C}.Debug|Any CPU.Build.0 = Debug|Any CPU
		{513B7583-5254-4D4F-8960-7C47F1EE3C9C}.Release|Any CPU.ActiveCfg = Release|Any CPU
		{513B7583-5254-4D4F-8960-7C47F1EE3C9C}.Release|Any CPU.Build.0 = Release|Any CPU
	EndGlobalSection
	GlobalSection(SolutionProperties) = preSolution
		HideSolutionNode = FALSE
	EndGlobalSection
	GlobalSection(ExtensibilityGlobals) = postSolution
		SolutionGuid = {BC7E143D-6357-462B-860E-838235354354}
	EndGlobalSection
EndGlobal
