
Microsoft Visual Studio Solution File, Format Version 12.00
# Visual Studio Version 16
VisualStudioVersion = 16.0.32413.511
MinimumVisualStudioVersion = 10.0.40219.1
Project("{FAE04EC0-301F-11D3-BF4B-00C04F79EFBC}") = "Classes and Methods Assignment 2", "Classes and Methods Assignment 2\Classes and Methods Assignment 2.csproj", "{B0EEBB0B-8686-4C78-ABCC-A23933707ECC}"
EndProject
Global
	GlobalSection(SolutionConfigurationPlatforms) = preSolution
		Debug|Any CPU = Debug|Any CPU
		Release|Any CPU = Release|Any CPU
	EndGlobalSection
	GlobalSection(ProjectConfigurationPlatforms) = postSolution
		{B0EEBB0B-8686-4C78-ABCC-A23933707ECC}.Debug|Any CPU.ActiveCfg = Debug|Any CPU
		{B0EEBB0B-8686-4C78-ABCC-A23933707ECC}.Debug|Any CPU.Build.0 = Debug|Any CPU
		{B0EEBB0B-8686-4C78-ABCC-A23933707ECC}.Release|Any CPU.ActiveCfg = Release|Any CPU
		{B0EEBB0B-8686-4C78-ABCC-A23933707ECC}.Release|Any CPU.Build.0 = Release|Any CPU
	EndGlobalSection
	GlobalSection(SolutionProperties) = preSolution
		HideSolutionNode = FALSE
	EndGlobalSection
	GlobalSection(ExtensibilityGlobals) = postSolution
		SolutionGuid = {21CCABC7-0F1C-4C92-AD53-E8AC033BE9D5}
	EndGlobalSection
EndGlobal
