
Microsoft Visual Studio Solution File, Format Version 12.00
# Visual Studio Version 16
VisualStudioVersion = 16.0.32413.511
MinimumVisualStudioVersion = 10.0.40219.1
Project("{FAE04EC0-301F-11D3-BF4B-00C04F79EFBC}") = "Classes and Methods Assignment 1", "Classes and Methods Assignment 1\Classes and Methods Assignment 1.csproj", "{1F035EB0-21D1-4336-81AC-6E4643E9446E}"
EndProject
Global
	GlobalSection(SolutionConfigurationPlatforms) = preSolution
		Debug|Any CPU = Debug|Any CPU
		Release|Any CPU = Release|Any CPU
	EndGlobalSection
	GlobalSection(ProjectConfigurationPlatforms) = postSolution
		{1F035EB0-21D1-4336-81AC-6E4643E9446E}.Debug|Any CPU.ActiveCfg = Debug|Any CPU
		{1F035EB0-21D1-4336-81AC-6E4643E9446E}.Debug|Any CPU.Build.0 = Debug|Any CPU
		{1F035EB0-21D1-4336-81AC-6E4643E9446E}.Release|Any CPU.ActiveCfg = Release|Any CPU
		{1F035EB0-21D1-4336-81AC-6E4643E9446E}.Release|Any CPU.Build.0 = Release|Any CPU
	EndGlobalSection
	GlobalSection(SolutionProperties) = preSolution
		HideSolutionNode = FALSE
	EndGlobalSection
	GlobalSection(ExtensibilityGlobals) = postSolution
		SolutionGuid = {4CBD6365-5E43-4948-8140-DCAC315A65DD}
	EndGlobalSection
EndGlobal
